
Microsoft Visual Studio Solution File, Format Version 12.00
# Visual Studio Version 17
VisualStudioVersion = 17.8.34330.188
MinimumVisualStudioVersion = 10.0.40219.1
Project("{9A19103F-16F7-4668-BE54-9A1E7A4F7556}") = "Acme.UserInfoCollector.Middleware", "Acme.UserInfoCollector.Middleware\Acme.UserInfoCollector.Middleware.csproj", "{87CF53DA-FB68-4525-94C8-E96B1BED7F4B}"
EndProject
Project("{9A19103F-16F7-4668-BE54-9A1E7A4F7556}") = "Acme.UserInfoCollector.ConsoleApp", "Acme.UserInfoCollector.ConsoleApp\Acme.UserInfoCollector.ConsoleApp.csproj", "{AE4BEEA4-BFB4-4DCC-83C8-B6302098F4D3}"
EndProject
Project("{FAE04EC0-301F-11D3-BF4B-00C04F79EFBC}") = "Acme.UserInfoCollector.Test", "Acme.UserInfoCollector.Test\Acme.UserInfoCollector.Test.csproj", "{C75F3D1C-6E0D-47AB-B01F-D082A3B22DDE}"
EndProject
Project("{2150E333-8FDC-42A3-9474-1A3956D46DE8}") = "Solutions Items", "Solutions Items", "{44CD9E4E-7C34-4631-A0ED-087CA2BDB5BB}"
	ProjectSection(SolutionItems) = preProject
		..\README.md = ..\README.md
	EndProjectSection
EndProject
Global
	GlobalSection(SolutionConfigurationPlatforms) = preSolution
		Debug|Any CPU = Debug|Any CPU
		Release|Any CPU = Release|Any CPU
	EndGlobalSection
	GlobalSection(ProjectConfigurationPlatforms) = postSolution
		{87CF53DA-FB68-4525-94C8-E96B1BED7F4B}.Debug|Any CPU.ActiveCfg = Debug|Any CPU
		{87CF53DA-FB68-4525-94C8-E96B1BED7F4B}.Debug|Any CPU.Build.0 = Debug|Any CPU
		{87CF53DA-FB68-4525-94C8-E96B1BED7F4B}.Release|Any CPU.ActiveCfg = Release|Any CPU
		{87CF53DA-FB68-4525-94C8-E96B1BED7F4B}.Release|Any CPU.Build.0 = Release|Any CPU
		{AE4BEEA4-BFB4-4DCC-83C8-B6302098F4D3}.Debug|Any CPU.ActiveCfg = Debug|Any CPU
		{AE4BEEA4-BFB4-4DCC-83C8-B6302098F4D3}.Debug|Any CPU.Build.0 = Debug|Any CPU
		{AE4BEEA4-BFB4-4DCC-83C8-B6302098F4D3}.Release|Any CPU.ActiveCfg = Release|Any CPU
		{AE4BEEA4-BFB4-4DCC-83C8-B6302098F4D3}.Release|Any CPU.Build.0 = Release|Any CPU
		{C75F3D1C-6E0D-47AB-B01F-D082A3B22DDE}.Debug|Any CPU.ActiveCfg = Debug|Any CPU
		{C75F3D1C-6E0D-47AB-B01F-D082A3B22DDE}.Debug|Any CPU.Build.0 = Debug|Any CPU
		{C75F3D1C-6E0D-47AB-B01F-D082A3B22DDE}.Release|Any CPU.ActiveCfg = Release|Any CPU
		{C75F3D1C-6E0D-47AB-B01F-D082A3B22DDE}.Release|Any CPU.Build.0 = Release|Any CPU
	EndGlobalSection
	GlobalSection(SolutionProperties) = preSolution
		HideSolutionNode = FALSE
	EndGlobalSection
	GlobalSection(ExtensibilityGlobals) = postSolution
		SolutionGuid = {A1F6A69C-022A-4E00-B0B3-BD330F2F0D34}
	EndGlobalSection
EndGlobal
